
Microsoft Visual Studio Solution File, Format Version 12.00
# Visual Studio Version 16
VisualStudioVersion = 16.0.29926.136
MinimumVisualStudioVersion = 10.0.40219.1
Project("{FAE04EC0-301F-11D3-BF4B-00C04F79EFBC}") = "KurumsalWeb", "KurumsalWeb\KurumsalWeb.csproj", "{96156B5A-E6E1-4E28-BD61-170BAEC187DC}"
EndProject
Global
	GlobalSection(SolutionConfigurationPlatforms) = preSolution
		Debug|Any CPU = Debug|Any CPU
		Release|Any CPU = Release|Any CPU
	EndGlobalSection
	GlobalSection(ProjectConfigurationPlatforms) = postSolution
		{96156B5A-E6E1-4E28-BD61-170BAEC187DC}.Debug|Any CPU.ActiveCfg = Debug|Any CPU
		{96156B5A-E6E1-4E28-BD61-170BAEC187DC}.Debug|Any CPU.Build.0 = Debug|Any CPU
		{96156B5A-E6E1-4E28-BD61-170BAEC187DC}.Release|Any CPU.ActiveCfg = Release|Any CPU
		{96156B5A-E6E1-4E28-BD61-170BAEC187DC}.Release|Any CPU.Build.0 = Release|Any CPU
	EndGlobalSection
	GlobalSection(SolutionProperties) = preSolution
		HideSolutionNode = FALSE
	EndGlobalSection
	GlobalSection(ExtensibilityGlobals) = postSolution
		SolutionGuid = {DBCFC809-F6FA-4F8A-AF2D-2BAF054C7B3F}
	EndGlobalSection
EndGlobal
